{
  "object": {
    "pins": [
      {
        "package": "Starscream",
        "repositoryURL": "https://github.com/daltoniam/Starscream",
        "state": {
          "branch": null,
          "revision": "df8d82047f6654d8e4b655d1b1525c64e1059d21",
          "version": "4.0.4"
        }
      },
      {
        "package": "WatsonDeveloperCloud",
        "repositoryURL": "https://github.com/watson-developer-cloud/swift-sdk",
        "state": {
          "branch": null,
          "revision": "2cc894ce96a16bf35580a9e9cf942d3b66dd0e2e",
          "version": "4.2.1"
        }
      },
      {
        "package": "IBMSwiftSDKCore",
        "repositoryURL": "https://github.com/IBM/swift-sdk-core",
        "state": {
          "branch": null,
          "revision": "7e3b9b2cf8acb6e7fa4c8d257d1e255f6008332f",
          "version": "1.1.2"
        }
      }
    ]
  },
  "version": 1
}
